
Microsoft Visual Studio Solution File, Format Version 12.00
# Visual Studio Version 17
VisualStudioVersion = 17.3.32819.101
MinimumVisualStudioVersion = 10.0.40219.1
Project("{FAE04EC0-301F-11D3-BF4B-00C04F79EFBC}") = "API", "API\API.csproj", "{649BE5F2-5193-435A-9109-CD5C5ACB9B96}"
EndProject
Project("{FAE04EC0-301F-11D3-BF4B-00C04F79EFBC}") = "Core", "Core\Core.csproj", "{3DE7F5A9-5C7C-4FB6-AFC1-17C334DFA4FB}"
EndProject
Project("{FAE04EC0-301F-11D3-BF4B-00C04F79EFBC}") = "Infrastructure", "Infrastructure\Infrastructure.csproj", "{6D54A60F-D3FA-4E44-8B61-006D11538ECD}"
EndProject
Global
	GlobalSection(SolutionConfigurationPlatforms) = preSolution
		Debug|Any CPU = Debug|Any CPU
		Release|Any CPU = Release|Any CPU
	EndGlobalSection
	GlobalSection(ProjectConfigurationPlatforms) = postSolution
		{649BE5F2-5193-435A-9109-CD5C5ACB9B96}.Debug|Any CPU.ActiveCfg = Debug|Any CPU
		{649BE5F2-5193-435A-9109-CD5C5ACB9B96}.Debug|Any CPU.Build.0 = Debug|Any CPU
		{649BE5F2-5193-435A-9109-CD5C5ACB9B96}.Release|Any CPU.ActiveCfg = Release|Any CPU
		{649BE5F2-5193-435A-9109-CD5C5ACB9B96}.Release|Any CPU.Build.0 = Release|Any CPU
		{3DE7F5A9-5C7C-4FB6-AFC1-17C334DFA4FB}.Debug|Any CPU.ActiveCfg = Debug|Any CPU
		{3DE7F5A9-5C7C-4FB6-AFC1-17C334DFA4FB}.Debug|Any CPU.Build.0 = Debug|Any CPU
		{3DE7F5A9-5C7C-4FB6-AFC1-17C334DFA4FB}.Release|Any CPU.ActiveCfg = Release|Any CPU
		{3DE7F5A9-5C7C-4FB6-AFC1-17C334DFA4FB}.Release|Any CPU.Build.0 = Release|Any CPU
		{6D54A60F-D3FA-4E44-8B61-006D11538ECD}.Debug|Any CPU.ActiveCfg = Debug|Any CPU
		{6D54A60F-D3FA-4E44-8B61-006D11538ECD}.Debug|Any CPU.Build.0 = Debug|Any CPU
		{6D54A60F-D3FA-4E44-8B61-006D11538ECD}.Release|Any CPU.ActiveCfg = Release|Any CPU
		{6D54A60F-D3FA-4E44-8B61-006D11538ECD}.Release|Any CPU.Build.0 = Release|Any CPU
	EndGlobalSection
	GlobalSection(SolutionProperties) = preSolution
		HideSolutionNode = FALSE
	EndGlobalSection
	GlobalSection(ExtensibilityGlobals) = postSolution
		SolutionGuid = {59CFCA9B-B96C-49EB-8C1B-5654C340C0AE}
	EndGlobalSection
EndGlobal
